// !$*UTF8*$!
{
	archiveVersion = 1;
	classes = {
	};
	objectVersion = 46;
	objects = {

/* Begin PBXBuildFile section */
		787D844C1C0EC08100DC473D /* main.m in Sources */ = {isa = PBXBuildFile; fileRef = 787D844B1C0EC08100DC473D /* main.m */; };
		787D844F1C0EC08100DC473D /* AppDelegate.m in Sources */ = {isa = PBXBuildFile; fileRef = 787D844E1C0EC08100DC473D /* AppDelegate.m */; };
		787D84521C0EC08100DC473D /* ViewController.m in Sources */ = {isa = PBXBuildFile; fileRef = 787D84511C0EC08100DC473D /* ViewController.m */; };
		787D84551C0EC08100DC473D /* Main.storyboard in Resources */ = {isa = PBXBuildFile; fileRef = 787D84531C0EC08100DC473D /* Main.storyboard */; };
		787D84571C0EC08100DC473D /* Assets.xcassets in Resources */ = {isa = PBXBuildFile; fileRef = 787D84561C0EC08100DC473D /* Assets.xcassets */; };
		787D845A1C0EC08100DC473D /* LaunchScreen.storyboard in Resources */ = {isa = PBXBuildFile; fileRef = 787D84581C0EC08100DC473D /* LaunchScreen.storyboard */; };
/* End PBXBuildFile section */

/* Begin PBXFileReference section */
		787D84471C0EC08100DC473D /* QimuDemo.app */ = {isa = PBXFileReference; explicitFileType = wrapper.application; includeInIndex = 0; path = QimuDemo.app; sourceTree = BUILT_PRODUCTS_DIR; };
		787D844B1C0EC08100DC473D /* main.m */ = {isa = PBXFileReference; lastKnownFileType = sourcecode.c.objc; path = main.m; sourceTree = "<group>"; };
		787D844D1C0EC08100DC473D /* AppDelegate.h */ = {isa = PBXFileReference; lastKnownFileType = sourcecode.c.h; path = AppDelegate.h; sourceTree = "<group>"; };
		787D844E1C0EC08100DC473D /* AppDelegate.m */ = {isa = PBXFileReference; lastKnownFileType = sourcecode.c.objc; path = AppDelegate.m; sourceTree = "<group>"; };
		787D84501C0EC08100DC473D /* ViewController.h */ = {isa = PBXFileReference; lastKnownFileType = sourcecode.c.h; path = ViewController.h; sourceTree = "<group>"; };
		787D84511C0EC08100DC473D /* ViewController.m */ = {isa = PBXFileReference; lastKnownFileType = sourcecode.c.objc; path = ViewController.m; sourceTree = "<group>"; };
		787D84541C0EC08100DC473D /* Base */ = {isa = PBXFileReference; lastKnownFileType = file.storyboard; name = Base; path = Base.lproj/Main.storyboard; sourceTree = "<group>"; };
		787D84561C0EC08100DC473D /* Assets.xcassets */ = {isa = PBXFileReference; lastKnownFileType = folder.assetcatalog; path = Assets.xcassets; sourceTree = "<group>"; };
		787D84591C0EC08100DC473D /* Base */ = {isa = PBXFileReference; lastKnownFileType = file.storyboard; name = Base; path = Base.lproj/LaunchScreen.storyboard; sourceTree = "<group>"; };
		787D845B1C0EC08100DC473D /* Info.plist */ = {isa = PBXFileReference; lastKnownFileType = text.plist.xml; path = Info.plist; sourceTree = "<group>"; };
/* End PBXFileReference section */

/* Begin PBXFrameworksBuildPhase section */
		787D84441C0EC08100DC473D /* Frameworks */ = {
			isa = PBXFrameworksBuildPhase;
			buildActionMask = 2147483647;
			files = (
			);
			runOnlyForDeploymentPostprocessing = 0;
		};
/* End PBXFrameworksBuildPhase section */

/* Begin PBXGroup section */
		787D843E1C0EC08100DC473D = {
			isa = PBXGroup;
			children = (
				787D84491C0EC08100DC473D /* QimuDemo */,
				787D84481C0EC08100DC473D /* Products */,
			);
			sourceTree = "<group>";
		};
		787D84481C0EC08100DC473D /* Products */ = {
			isa = PBXGroup;
			children = (
				787D84471C0EC08100DC473D /* QimuDemo.app */,
			);
			name = Products;
			sourceTree = "<group>";
		};
		787D84491C0EC08100DC473D /* QimuDemo */ = {
			isa = PBXGroup;
			children = (
				787D844D1C0EC08100DC473D /* AppDelegate.h */,
				787D844E1C0EC08100DC473D /* AppDelegate.m */,
				787D84501C0EC08100DC473D /* ViewController.h */,
				787D84511C0EC08100DC473D /* ViewController.m */,
				787D84531C0EC08100DC473D /* Main.storyboard */,
				787D84561C0EC08100DC473D /* Assets.xcassets */,
				787D84581C0EC08100DC473D /* LaunchScreen.storyboard */,
				787D845B1C0EC08100DC473D /* Info.plist */,
				787D844A1C0EC08100DC473D /* Supporting Files */,
			);
			path = QimuDemo;
			sourceTree = "<group>";
		};
		787D844A1C0EC08100DC473D /* Supporting Files */ = {
			isa = PBXGroup;
			children = (
				787D844B1C0EC08100DC473D /* main.m */,
			);
			name = "Supporting Files";
			sourceTree = "<group>";
		};
/* End PBXGroup section */

/* Begin PBXNativeTarget section */
		787D84461C0EC08100DC473D /* QimuDemo */ = {
			isa = PBXNativeTarget;
			buildConfigurationList = 787D845E1C0EC08100DC473D /* Build configuration list for PBXNativeTarget "QimuDemo" */;
			buildPhases = (
				787D84431C0EC08100DC473D /* Sources */,
				787D84441C0EC08100DC473D /* Frameworks */,
				787D84451C0EC08100DC473D /* Resources */,
			);
			buildRules = (
			);
			dependencies = (
			);
			name = QimuDemo;
			productName = QimuDemo;
			productReference = 787D84471C0EC08100DC473D /* QimuDemo.app */;
			productType = "com.apple.product-type.application";
		};
/* End PBXNativeTarget section */

/* Begin PBXProject section */
		787D843F1C0EC08100DC473D /* Project object */ = {
			isa = PBXProject;
			attributes = {
				LastUpgradeCheck = 0710;
				ORGANIZATIONNAME = ll;
				TargetAttributes = {
					787D84461C0EC08100DC473D = {
						CreatedOnToolsVersion = 7.1;
						DevelopmentTeam = UG4LCZED9B;
					};
				};
			};
			buildConfigurationList = 787D84421C0EC08100DC473D /* Build configuration list for PBXProject "QimuDemo" */;
			compatibilityVersion = "Xcode 3.2";
			developmentRegion = English;
			hasScannedForEncodings = 0;
			knownRegions = (
				en,
				Base,
			);
			mainGroup = 787D843E1C0EC08100DC473D;
			productRefGroup = 787D84481C0EC08100DC473D /* Products */;
			projectDirPath = "";
			projectRoot = "";
			targets = (
				787D84461C0EC08100DC473D /* QimuDemo */,
			);
		};
/* End PBXProject section */

/* Begin PBXResourcesBuildPhase section */
		787D84451C0EC08100DC473D /* Resources */ = {
			isa = PBXResourcesBuildPhase;
			buildActionMask = 2147483647;
			files = (
				787D845A1C0EC08100DC473D /* LaunchScreen.storyboard in Resources */,
				787D84571C0EC08100DC473D /* Assets.xcassets in Resources */,
				787D84551C0EC08100DC473D /* Main.storyboard in Resources */,
			);
			runOnlyForDeploymentPostprocessing = 0;
		};
/* End PBXResourcesBuildPhase section */

/* Begin PBXSourcesBuildPhase section */
		787D84431C0EC08100DC473D /* Sources */ = {
			isa = PBXSourcesBuildPhase;
			buildActionMask = 2147483647;
			files = (
				787D84521C0EC08100DC473D /* ViewController.m in Sources */,
				787D844F1C0EC08100DC473D /* AppDelegate.m in Sources */,
				787D844C1C0EC08100DC473D /* main.m in Sources */,
			);
			runOnlyForDeploymentPostprocessing = 0;
		};
/* End PBXSourcesBuildPhase section */

/* Begin PBXVariantGroup section */
		787D84531C0EC08100DC473D /* Main.storyboard */ = {
			isa = PBXVariantGroup;
			children = (
				787D84541C0EC08100DC473D /* Base */,
			);
			name = Main.storyboard;
			sourceTree = "<group>";
		};
		787D84581C0EC08100DC473D /* LaunchScreen.storyboard */ = {
			isa = PBXVariantGroup;
			children = (
				787D84591C0EC08100DC473D /* Base */,
			);
			name = LaunchScreen.storyboard;
			sourceTree = "<group>";
		};
/* End PBXVariantGroup section */

/* Begin XCBuildConfiguration section */
		787D845C1C0EC08100DC473D /* Debug */ = {
			isa = XCBuildConfiguration;
			buildSettings = {
				ALWAYS_SEARCH_USER_PATHS = NO;
				CLANG_CXX_LANGUAGE_STANDARD = "gnu++0x";
				CLANG_CXX_LIBRARY = "libc++";
				CLANG_ENABLE_MODULES = YES;
				CLANG_ENABLE_OBJC_ARC = YES;
				CLANG_WARN_BOOL_CONVERSION = YES;
				CLANG_WARN_CONSTANT_CONVERSION = YES;
				CLANG_WARN_DIRECT_OBJC_ISA_USAGE = YES_ERROR;
				CLANG_WARN_EMPTY_BODY = YES;
				CLANG_WARN_ENUM_CONVERSION = YES;
				CLANG_WARN_INT_CONVERSION = YES;
				CLANG_WARN_OBJC_ROOT_CLASS = YES_ERROR;
				CLANG_WARN_UNREACHABLE_CODE = YES;
				CLANG_WARN__DUPLICATE_METHOD_MATCH = YES;
				"CODE_SIGN_IDENTITY[sdk=iphoneos*]" = "iPhone Developer";
				COPY_PHASE_STRIP = NO;
				DEBUG_INFORMATION_FORMAT = dwarf;
				ENABLE_STRICT_OBJC_MSGSEND = YES;
				ENABLE_TESTABILITY = YES;
				GCC_C_LANGUAGE_STANDARD = gnu99;
				GCC_DYNAMIC_NO_PIC = NO;
				GCC_NO_COMMON_BLOCKS = YES;
				GCC_OPTIMIZATION_LEVEL = 0;
				GCC_PREPROCESSOR_DEFINITIONS = (
					"DEBUG=1",
					"$(inherited)",
				);
				GCC_WARN_64_TO_32_BIT_CONVERSION = YES;
				GCC_WARN_ABOUT_RETURN_TYPE = YES_ERROR;
				GCC_WARN_UNDECLARED_SELECTOR = YES;
				GCC_WARN_UNINITIALIZED_AUTOS = YES_AGGRESSIVE;
				GCC_WARN_UNUSED_FUNCTION = YES;
				GCC_WARN_UNUSED_VARIABLE = YES;
				IPHONEOS_DEPLOYMENT_TARGET = 9.1;
				MTL_ENABLE_DEBUG_INFO = YES;
				ONLY_ACTIVE_ARCH = YES;
				SDKROOT = iphoneos;
			};
			name = Debug;
		};
		787D845D1C0EC08100DC473D /* Release */ = {
			isa = XCBuildConfiguration;
			buildSettings = {
				ALWAYS_SEARCH_USER_PATHS = NO;
				CLANG_CXX_LANGUAGE_STANDARD = "gnu++0x";
				CLANG_CXX_LIBRARY = "libc++";
				CLANG_ENABLE_MODULES = YES;
				CLANG_ENABLE_OBJC_ARC = YES;
				CLANG_WARN_BOOL_CONVERSION = YES;
				CLANG_WARN_CONSTANT_CONVERSION = YES;
				CLANG_WARN_DIRECT_OBJC_ISA_USAGE = YES_ERROR;
				CLANG_WARN_EMPTY_BODY = YES;
				CLANG_WARN_ENUM_CONVERSION = YES;
				CLANG_WARN_INT_CONVERSION = YES;
				CLANG_WARN_OBJC_ROOT_CLASS = YES_ERROR;
				CLANG_WARN_UNREACHABLE_CODE = YES;
				CLANG_WARN__DUPLICATE_METHOD_MATCH = YES;
				"CODE_SIGN_IDENTITY[sdk=iphoneos*]" = "iPhone Developer";
				COPY_PHASE_STRIP = NO;
				DEBUG_INFORMATION_FORMAT = "dwarf-with-dsym";
				ENABLE_NS_ASSERTIONS = NO;
				ENABLE_STRICT_OBJC_MSGSEND = YES;
				GCC_C_LANGUAGE_STANDARD = gnu99;
				GCC_NO_COMMON_BLOCKS = YES;
				GCC_WARN_64_TO_32_BIT_CONVERSION = YES;
				GCC_WARN_ABOUT_RETURN_TYPE = YES_ERROR;
				GCC_WARN_UNDECLARED_SELECTOR = YES;
				GCC_WARN_UNINITIALIZED_AUTOS = YES_AGGRESSIVE;
				GCC_WARN_UNUSED_FUNCTION = YES;
				GCC_WARN_UNUSED_VARIABLE = YES;
				IPHONEOS_DEPLOYMENT_TARGET = 9.1;
				MTL_ENABLE_DEBUG_INFO = NO;
				SDKROOT = iphoneos;
				VALIDATE_PRODUCT = YES;
			};
			name = Release;
		};
		787D845F1C0EC08100DC473D /* Debug */ = {
			isa = XCBuildConfiguration;
			buildSettings = {
				ASSETCATALOG_COMPILER_APPICON_NAME = AppIcon;
				INFOPLIST_FILE = QimuDemo/Info.plist;
				LD_RUNPATH_SEARCH_PATHS = "$(inherited) @executable_path/Frameworks";
				PRODUCT_BUNDLE_IDENTIFIER = China.QimuDemo;
				PRODUCT_NAME = "$(TARGET_NAME)";
			};
			name = Debug;
		};
		787D84601C0EC08100DC473D /* Release */ = {
			isa = XCBuildConfiguration;
			buildSettings = {
				ASSETCATALOG_COMPILER_APPICON_NAME = AppIcon;
				INFOPLIST_FILE = QimuDemo/Info.plist;
				LD_RUNPATH_SEARCH_PATHS = "$(inherited) @executable_path/Frameworks";
				PRODUCT_BUNDLE_IDENTIFIER = China.QimuDemo;
				PRODUCT_NAME = "$(TARGET_NAME)";
			};
			name = Release;
		};
/* End XCBuildConfiguration section */

/* Begin XCConfigurationList section */
		787D84421C0EC08100DC473D /* Build configuration list for PBXProject "QimuDemo" */ = {
			isa = XCConfigurationList;
			buildConfigurations = (
				787D845C1C0EC08100DC473D /* Debug */,
				787D845D1C0EC08100DC473D /* Release */,
			);
			defaultConfigurationIsVisible = 0;
			defaultConfigurationName = Release;
		};
		787D845E1C0EC08100DC473D /* Build configuration list for PBXNativeTarget "QimuDemo" */ = {
			isa = XCConfigurationList;
			buildConfigurations = (
				787D845F1C0EC08100DC473D /* Debug */,
				787D84601C0EC08100DC473D /* Release */,
			);
			defaultConfigurationIsVisible = 0;
		};
/* End XCConfigurationList section */
	};
	rootObject = 787D843F1C0EC08100DC473D /* Project object */;
}
